// !$*UTF8*$!
{
	archiveVersion = 1;
	classes = {
	};
	objectVersion = 50;
	objects = {

/* Begin PBXBuildFile section */
		D2393AD32173980700B8449E /* AppDelegate.swift in Sources */ = {isa = PBXBuildFile; fileRef = D2393AD22173980700B8449E /* AppDelegate.swift */; };
		D2393ADA2173980800B8449E /* Assets.xcassets in Resources */ = {isa = PBXBuildFile; fileRef = D2393AD92173980800B8449E /* Assets.xcassets */; };
		D2393ADD2173980800B8449E /* LaunchScreen.storyboard in Resources */ = {isa = PBXBuildFile; fileRef = D2393ADB2173980800B8449E /* LaunchScreen.storyboard */; };
		D272F3DE21739E2E003AD8AB /* LoginViewController.swift in Sources */ = {isa = PBXBuildFile; fileRef = D272F3DD21739E2E003AD8AB /* LoginViewController.swift */; };
		D272F3EA2173A645003AD8AB /* EncodeSans-SemiBold.ttf in Resources */ = {isa = PBXBuildFile; fileRef = D272F3E12173A645003AD8AB /* EncodeSans-SemiBold.ttf */; };
		D272F3EB2173A645003AD8AB /* EncodeSans-Regular.ttf in Resources */ = {isa = PBXBuildFile; fileRef = D272F3E22173A645003AD8AB /* EncodeSans-Regular.ttf */; };
		D272F3ED2173A645003AD8AB /* EncodeSans-Bold.ttf in Resources */ = {isa = PBXBuildFile; fileRef = D272F3E42173A645003AD8AB /* EncodeSans-Bold.ttf */; };
		D272F3F12173A645003AD8AB /* EncodeSans-Medium.ttf in Resources */ = {isa = PBXBuildFile; fileRef = D272F3E82173A645003AD8AB /* EncodeSans-Medium.ttf */; };
		D272F3F62173A9ED003AD8AB /* SideImageTextField.swift in Sources */ = {isa = PBXBuildFile; fileRef = D272F3F52173A9ED003AD8AB /* SideImageTextField.swift */; };
		D272F3F82173BEF0003AD8AB /* SignupViewController.swift in Sources */ = {isa = PBXBuildFile; fileRef = D272F3F72173BEF0003AD8AB /* SignupViewController.swift */; };
		D272F3FD2173C5AA003AD8AB /* UIColorExtensions.swift in Sources */ = {isa = PBXBuildFile; fileRef = D272F3FC2173C5AA003AD8AB /* UIColorExtensions.swift */; };
		D272F3FF2173CFE7003AD8AB /* UIViewControllerExtensions.swift in Sources */ = {isa = PBXBuildFile; fileRef = D272F3FE2173CFE7003AD8AB /* UIViewControllerExtensions.swift */; };
		DBBB2F15FA074DF31C135CB1 /* Pods_yous.framework in Frameworks */ = {isa = PBXBuildFile; fileRef = 64010A83ACF1BF6A1A22F106 /* Pods_yous.framework */; };
/* End PBXBuildFile section */

/* Begin PBXFileReference section */
		64010A83ACF1BF6A1A22F106 /* Pods_yous.framework */ = {isa = PBXFileReference; explicitFileType = wrapper.framework; includeInIndex = 0; path = Pods_yous.framework; sourceTree = BUILT_PRODUCTS_DIR; };
		7D6814F64FD0D68060E0F814 /* Pods-yous.release.xcconfig */ = {isa = PBXFileReference; includeInIndex = 1; lastKnownFileType = text.xcconfig; name = "Pods-yous.release.xcconfig"; path = "Pods/Target Support Files/Pods-yous/Pods-yous.release.xcconfig"; sourceTree = "<group>"; };
		8BD26240623F8B41E2E2F8B5 /* Pods-yous.debug.xcconfig */ = {isa = PBXFileReference; includeInIndex = 1; lastKnownFileType = text.xcconfig; name = "Pods-yous.debug.xcconfig"; path = "Pods/Target Support Files/Pods-yous/Pods-yous.debug.xcconfig"; sourceTree = "<group>"; };
		D2393ACF2173980700B8449E /* yous.app */ = {isa = PBXFileReference; explicitFileType = wrapper.application; includeInIndex = 0; path = yous.app; sourceTree = BUILT_PRODUCTS_DIR; };
		D2393AD22173980700B8449E /* AppDelegate.swift */ = {isa = PBXFileReference; lastKnownFileType = sourcecode.swift; path = AppDelegate.swift; sourceTree = "<group>"; };
		D2393AD92173980800B8449E /* Assets.xcassets */ = {isa = PBXFileReference; lastKnownFileType = folder.assetcatalog; path = Assets.xcassets; sourceTree = "<group>"; };
		D2393ADC2173980800B8449E /* Base */ = {isa = PBXFileReference; lastKnownFileType = file.storyboard; name = Base; path = Base.lproj/LaunchScreen.storyboard; sourceTree = "<group>"; };
		D2393ADE2173980800B8449E /* Info.plist */ = {isa = PBXFileReference; lastKnownFileType = text.plist.xml; path = Info.plist; sourceTree = "<group>"; };
		D272F3DD21739E2E003AD8AB /* LoginViewController.swift */ = {isa = PBXFileReference; lastKnownFileType = sourcecode.swift; path = LoginViewController.swift; sourceTree = "<group>"; };
		D272F3E12173A645003AD8AB /* EncodeSans-SemiBold.ttf */ = {isa = PBXFileReference; lastKnownFileType = file; path = "EncodeSans-SemiBold.ttf"; sourceTree = "<group>"; };
		D272F3E22173A645003AD8AB /* EncodeSans-Regular.ttf */ = {isa = PBXFileReference; lastKnownFileType = file; path = "EncodeSans-Regular.ttf"; sourceTree = "<group>"; };
		D272F3E42173A645003AD8AB /* EncodeSans-Bold.ttf */ = {isa = PBXFileReference; lastKnownFileType = file; path = "EncodeSans-Bold.ttf"; sourceTree = "<group>"; };
		D272F3E82173A645003AD8AB /* EncodeSans-Medium.ttf */ = {isa = PBXFileReference; lastKnownFileType = file; path = "EncodeSans-Medium.ttf"; sourceTree = "<group>"; };
		D272F3F52173A9ED003AD8AB /* SideImageTextField.swift */ = {isa = PBXFileReference; lastKnownFileType = sourcecode.swift; path = SideImageTextField.swift; sourceTree = "<group>"; };
		D272F3F72173BEF0003AD8AB /* SignupViewController.swift */ = {isa = PBXFileReference; lastKnownFileType = sourcecode.swift; path = SignupViewController.swift; sourceTree = "<group>"; };
		D272F3FC2173C5AA003AD8AB /* UIColorExtensions.swift */ = {isa = PBXFileReference; lastKnownFileType = sourcecode.swift; path = UIColorExtensions.swift; sourceTree = "<group>"; };
		D272F3FE2173CFE7003AD8AB /* UIViewControllerExtensions.swift */ = {isa = PBXFileReference; lastKnownFileType = sourcecode.swift; path = UIViewControllerExtensions.swift; sourceTree = "<group>"; };
/* End PBXFileReference section */

/* Begin PBXFrameworksBuildPhase section */
		D2393ACC2173980700B8449E /* Frameworks */ = {
			isa = PBXFrameworksBuildPhase;
			buildActionMask = 2147483647;
			files = (
				DBBB2F15FA074DF31C135CB1 /* Pods_yous.framework in Frameworks */,
			);
			runOnlyForDeploymentPostprocessing = 0;
		};
/* End PBXFrameworksBuildPhase section */

/* Begin PBXGroup section */
		88C655CA6ECFDF7A2E7478FE /* Frameworks */ = {
			isa = PBXGroup;
			children = (
				64010A83ACF1BF6A1A22F106 /* Pods_yous.framework */,
			);
			name = Frameworks;
			sourceTree = "<group>";
		};
		D2393AC62173980700B8449E = {
			isa = PBXGroup;
			children = (
				D2393AD12173980700B8449E /* yous */,
				D2393AD02173980700B8449E /* Products */,
				DF55162B59A3F7FF293C1379 /* Pods */,
				88C655CA6ECFDF7A2E7478FE /* Frameworks */,
			);
			sourceTree = "<group>";
		};
		D2393AD02173980700B8449E /* Products */ = {
			isa = PBXGroup;
			children = (
				D2393ACF2173980700B8449E /* yous.app */,
			);
			name = Products;
			sourceTree = "<group>";
		};
		D2393AD12173980700B8449E /* yous */ = {
			isa = PBXGroup;
			children = (
				D2393AD22173980700B8449E /* AppDelegate.swift */,
				D272F3F92173C589003AD8AB /* Extensions */,
				D272F3DC21739DF5003AD8AB /* ViewControllers */,
				D272F3F22173A949003AD8AB /* Views */,
				D272F3DF2173A62F003AD8AB /* Fonts */,
				D2393AD92173980800B8449E /* Assets.xcassets */,
				D2393ADB2173980800B8449E /* LaunchScreen.storyboard */,
				D2393ADE2173980800B8449E /* Info.plist */,
			);
			path = yous;
			sourceTree = "<group>";
		};
		D272F3DC21739DF5003AD8AB /* ViewControllers */ = {
			isa = PBXGroup;
			children = (
				D272F3DD21739E2E003AD8AB /* LoginViewController.swift */,
				D272F3F72173BEF0003AD8AB /* SignupViewController.swift */,
			);
			path = ViewControllers;
			sourceTree = "<group>";
		};
		D272F3DF2173A62F003AD8AB /* Fonts */ = {
			isa = PBXGroup;
			children = (
				D272F3E42173A645003AD8AB /* EncodeSans-Bold.ttf */,
				D272F3E82173A645003AD8AB /* EncodeSans-Medium.ttf */,
				D272F3E22173A645003AD8AB /* EncodeSans-Regular.ttf */,
				D272F3E12173A645003AD8AB /* EncodeSans-SemiBold.ttf */,
			);
			path = Fonts;
			sourceTree = "<group>";
		};
		D272F3F22173A949003AD8AB /* Views */ = {
			isa = PBXGroup;
			children = (
				D272F3F52173A9ED003AD8AB /* SideImageTextField.swift */,
			);
			path = Views;
			sourceTree = "<group>";
		};
		D272F3F92173C589003AD8AB /* Extensions */ = {
			isa = PBXGroup;
			children = (
				D272F3FC2173C5AA003AD8AB /* UIColorExtensions.swift */,
				D272F3FE2173CFE7003AD8AB /* UIViewControllerExtensions.swift */,
			);
			path = Extensions;
			sourceTree = "<group>";
		};
		DF55162B59A3F7FF293C1379 /* Pods */ = {
			isa = PBXGroup;
			children = (
				8BD26240623F8B41E2E2F8B5 /* Pods-yous.debug.xcconfig */,
				7D6814F64FD0D68060E0F814 /* Pods-yous.release.xcconfig */,
			);
			name = Pods;
			sourceTree = "<group>";
		};
/* End PBXGroup section */

/* Begin PBXNativeTarget section */
		D2393ACE2173980700B8449E /* yous */ = {
			isa = PBXNativeTarget;
			buildConfigurationList = D2393AE12173980800B8449E /* Build configuration list for PBXNativeTarget "yous" */;
			buildPhases = (
				55E07FA11D020417633AFA18 /* [CP] Check Pods Manifest.lock */,
				D2393ACB2173980700B8449E /* Sources */,
				D2393ACC2173980700B8449E /* Frameworks */,
				D2393ACD2173980700B8449E /* Resources */,
				E42170257E99D5E31F689BD9 /* [CP] Embed Pods Frameworks */,
			);
			buildRules = (
			);
			dependencies = (
			);
			name = yous;
			productName = yous;
			productReference = D2393ACF2173980700B8449E /* yous.app */;
			productType = "com.apple.product-type.application";
		};
/* End PBXNativeTarget section */

/* Begin PBXProject section */
		D2393AC72173980700B8449E /* Project object */ = {
			isa = PBXProject;
			attributes = {
				LastSwiftUpdateCheck = 1000;
				LastUpgradeCheck = 1000;
				ORGANIZATIONNAME = "Nikola Milic";
				TargetAttributes = {
					D2393ACE2173980700B8449E = {
						CreatedOnToolsVersion = 10.0;
					};
				};
			};
			buildConfigurationList = D2393ACA2173980700B8449E /* Build configuration list for PBXProject "yous" */;
			compatibilityVersion = "Xcode 9.3";
			developmentRegion = en;
			hasScannedForEncodings = 0;
			knownRegions = (
				en,
				Base,
			);
			mainGroup = D2393AC62173980700B8449E;
			productRefGroup = D2393AD02173980700B8449E /* Products */;
			projectDirPath = "";
			projectRoot = "";
			targets = (
				D2393ACE2173980700B8449E /* yous */,
			);
		};
/* End PBXProject section */

/* Begin PBXResourcesBuildPhase section */
		D2393ACD2173980700B8449E /* Resources */ = {
			isa = PBXResourcesBuildPhase;
			buildActionMask = 2147483647;
			files = (
				D272F3ED2173A645003AD8AB /* EncodeSans-Bold.ttf in Resources */,
				D2393ADD2173980800B8449E /* LaunchScreen.storyboard in Resources */,
				D2393ADA2173980800B8449E /* Assets.xcassets in Resources */,
				D272F3EB2173A645003AD8AB /* EncodeSans-Regular.ttf in Resources */,
				D272F3F12173A645003AD8AB /* EncodeSans-Medium.ttf in Resources */,
				D272F3EA2173A645003AD8AB /* EncodeSans-SemiBold.ttf in Resources */,
			);
			runOnlyForDeploymentPostprocessing = 0;
		};
/* End PBXResourcesBuildPhase section */

/* Begin PBXShellScriptBuildPhase section */
		55E07FA11D020417633AFA18 /* [CP] Check Pods Manifest.lock */ = {
			isa = PBXShellScriptBuildPhase;
			buildActionMask = 2147483647;
			files = (
			);
			inputFileListPaths = (
			);
			inputPaths = (
				"${PODS_PODFILE_DIR_PATH}/Podfile.lock",
				"${PODS_ROOT}/Manifest.lock",
			);
			name = "[CP] Check Pods Manifest.lock";
			outputFileListPaths = (
			);
			outputPaths = (
				"$(DERIVED_FILE_DIR)/Pods-yous-checkManifestLockResult.txt",
			);
			runOnlyForDeploymentPostprocessing = 0;
			shellPath = /bin/sh;
			shellScript = "diff \"${PODS_PODFILE_DIR_PATH}/Podfile.lock\" \"${PODS_ROOT}/Manifest.lock\" > /dev/null\nif [ $? != 0 ] ; then\n    # print error to STDERR\n    echo \"error: The sandbox is not in sync with the Podfile.lock. Run 'pod install' or update your CocoaPods installation.\" >&2\n    exit 1\nfi\n# This output is used by Xcode 'outputs' to avoid re-running this script phase.\necho \"SUCCESS\" > \"${SCRIPT_OUTPUT_FILE_0}\"\n";
			showEnvVarsInLog = 0;
		};
		E42170257E99D5E31F689BD9 /* [CP] Embed Pods Frameworks */ = {
			isa = PBXShellScriptBuildPhase;
			buildActionMask = 2147483647;
			files = (
			);
			inputFileListPaths = (
			);
			inputPaths = (
				"${SRCROOT}/Pods/Target Support Files/Pods-yous/Pods-yous-frameworks.sh",
				"${BUILT_PRODUCTS_DIR}/SnapKit/SnapKit.framework",
			);
			name = "[CP] Embed Pods Frameworks";
			outputFileListPaths = (
			);
			outputPaths = (
				"${TARGET_BUILD_DIR}/${FRAMEWORKS_FOLDER_PATH}/SnapKit.framework",
			);
			runOnlyForDeploymentPostprocessing = 0;
			shellPath = /bin/sh;
			shellScript = "\"${SRCROOT}/Pods/Target Support Files/Pods-yous/Pods-yous-frameworks.sh\"\n";
			showEnvVarsInLog = 0;
		};
/* End PBXShellScriptBuildPhase section */

/* Begin PBXSourcesBuildPhase section */
		D2393ACB2173980700B8449E /* Sources */ = {
			isa = PBXSourcesBuildPhase;
			buildActionMask = 2147483647;
			files = (
				D272F3DE21739E2E003AD8AB /* LoginViewController.swift in Sources */,
				D272F3F62173A9ED003AD8AB /* SideImageTextField.swift in Sources */,
				D272F3F82173BEF0003AD8AB /* SignupViewController.swift in Sources */,
				D2393AD32173980700B8449E /* AppDelegate.swift in Sources */,
				D272F3FF2173CFE7003AD8AB /* UIViewControllerExtensions.swift in Sources */,
				D272F3FD2173C5AA003AD8AB /* UIColorExtensions.swift in Sources */,
			);
			runOnlyForDeploymentPostprocessing = 0;
		};
/* End PBXSourcesBuildPhase section */

/* Begin PBXVariantGroup section */
		D2393ADB2173980800B8449E /* LaunchScreen.storyboard */ = {
			isa = PBXVariantGroup;
			children = (
				D2393ADC2173980800B8449E /* Base */,
			);
			name = LaunchScreen.storyboard;
			sourceTree = "<group>";
		};
/* End PBXVariantGroup section */

/* Begin XCBuildConfiguration section */
		D2393ADF2173980800B8449E /* Debug */ = {
			isa = XCBuildConfiguration;
			buildSettings = {
				ALWAYS_SEARCH_USER_PATHS = NO;
				CLANG_ANALYZER_NONNULL = YES;
				CLANG_ANALYZER_NUMBER_OBJECT_CONVERSION = YES_AGGRESSIVE;
				CLANG_CXX_LANGUAGE_STANDARD = "gnu++14";
				CLANG_CXX_LIBRARY = "libc++";
				CLANG_ENABLE_MODULES = YES;
				CLANG_ENABLE_OBJC_ARC = YES;
				CLANG_ENABLE_OBJC_WEAK = YES;
				CLANG_WARN_BLOCK_CAPTURE_AUTORELEASING = YES;
				CLANG_WARN_BOOL_CONVERSION = YES;
				CLANG_WARN_COMMA = YES;
				CLANG_WARN_CONSTANT_CONVERSION = YES;
				CLANG_WARN_DEPRECATED_OBJC_IMPLEMENTATIONS = YES;
				CLANG_WARN_DIRECT_OBJC_ISA_USAGE = YES_ERROR;
				CLANG_WARN_DOCUMENTATION_COMMENTS = YES;
				CLANG_WARN_EMPTY_BODY = YES;
				CLANG_WARN_ENUM_CONVERSION = YES;
				CLANG_WARN_INFINITE_RECURSION = YES;
				CLANG_WARN_INT_CONVERSION = YES;
				CLANG_WARN_NON_LITERAL_NULL_CONVERSION = YES;
				CLANG_WARN_OBJC_IMPLICIT_RETAIN_SELF = YES;
				CLANG_WARN_OBJC_LITERAL_CONVERSION = YES;
				CLANG_WARN_OBJC_ROOT_CLASS = YES_ERROR;
				CLANG_WARN_RANGE_LOOP_ANALYSIS = YES;
				CLANG_WARN_STRICT_PROTOTYPES = YES;
				CLANG_WARN_SUSPICIOUS_MOVE = YES;
				CLANG_WARN_UNGUARDED_AVAILABILITY = YES_AGGRESSIVE;
				CLANG_WARN_UNREACHABLE_CODE = YES;
				CLANG_WARN__DUPLICATE_METHOD_MATCH = YES;
				CODE_SIGN_IDENTITY = "iPhone Developer";
				COPY_PHASE_STRIP = NO;
				DEBUG_INFORMATION_FORMAT = dwarf;
				ENABLE_STRICT_OBJC_MSGSEND = YES;
				ENABLE_TESTABILITY = YES;
				GCC_C_LANGUAGE_STANDARD = gnu11;
				GCC_DYNAMIC_NO_PIC = NO;
				GCC_NO_COMMON_BLOCKS = YES;
				GCC_OPTIMIZATION_LEVEL = 0;
				GCC_PREPROCESSOR_DEFINITIONS = (
					"DEBUG=1",
					"$(inherited)",
				);
				GCC_WARN_64_TO_32_BIT_CONVERSION = YES;
				GCC_WARN_ABOUT_RETURN_TYPE = YES_ERROR;
				GCC_WARN_UNDECLARED_SELECTOR = YES;
				GCC_WARN_UNINITIALIZED_AUTOS = YES_AGGRESSIVE;
				GCC_WARN_UNUSED_FUNCTION = YES;
				GCC_WARN_UNUSED_VARIABLE = YES;
				IPHONEOS_DEPLOYMENT_TARGET = 12.0;
				MTL_ENABLE_DEBUG_INFO = INCLUDE_SOURCE;
				MTL_FAST_MATH = YES;
				ONLY_ACTIVE_ARCH = YES;
				SDKROOT = iphoneos;
				SWIFT_ACTIVE_COMPILATION_CONDITIONS = DEBUG;
				SWIFT_OPTIMIZATION_LEVEL = "-Onone";
			};
			name = Debug;
		};
		D2393AE02173980800B8449E /* Release */ = {
			isa = XCBuildConfiguration;
			buildSettings = {
				ALWAYS_SEARCH_USER_PATHS = NO;
				CLANG_ANALYZER_NONNULL = YES;
				CLANG_ANALYZER_NUMBER_OBJECT_CONVERSION = YES_AGGRESSIVE;
				CLANG_CXX_LANGUAGE_STANDARD = "gnu++14";
				CLANG_CXX_LIBRARY = "libc++";
				CLANG_ENABLE_MODULES = YES;
				CLANG_ENABLE_OBJC_ARC = YES;
				CLANG_ENABLE_OBJC_WEAK = YES;
				CLANG_WARN_BLOCK_CAPTURE_AUTORELEASING = YES;
				CLANG_WARN_BOOL_CONVERSION = YES;
				CLANG_WARN_COMMA = YES;
				CLANG_WARN_CONSTANT_CONVERSION = YES;
				CLANG_WARN_DEPRECATED_OBJC_IMPLEMENTATIONS = YES;
				CLANG_WARN_DIRECT_OBJC_ISA_USAGE = YES_ERROR;
				CLANG_WARN_DOCUMENTATION_COMMENTS = YES;
				CLANG_WARN_EMPTY_BODY = YES;
				CLANG_WARN_ENUM_CONVERSION = YES;
				CLANG_WARN_INFINITE_RECURSION = YES;
				CLANG_WARN_INT_CONVERSION = YES;
				CLANG_WARN_NON_LITERAL_NULL_CONVERSION = YES;
				CLANG_WARN_OBJC_IMPLICIT_RETAIN_SELF = YES;
				CLANG_WARN_OBJC_LITERAL_CONVERSION = YES;
				CLANG_WARN_OBJC_ROOT_CLASS = YES_ERROR;
				CLANG_WARN_RANGE_LOOP_ANALYSIS = YES;
				CLANG_WARN_STRICT_PROTOTYPES = YES;
				CLANG_WARN_SUSPICIOUS_MOVE = YES;
				CLANG_WARN_UNGUARDED_AVAILABILITY = YES_AGGRESSIVE;
				CLANG_WARN_UNREACHABLE_CODE = YES;
				CLANG_WARN__DUPLICATE_METHOD_MATCH = YES;
				CODE_SIGN_IDENTITY = "iPhone Developer";
				COPY_PHASE_STRIP = NO;
				DEBUG_INFORMATION_FORMAT = "dwarf-with-dsym";
				ENABLE_NS_ASSERTIONS = NO;
				ENABLE_STRICT_OBJC_MSGSEND = YES;
				GCC_C_LANGUAGE_STANDARD = gnu11;
				GCC_NO_COMMON_BLOCKS = YES;
				GCC_WARN_64_TO_32_BIT_CONVERSION = YES;
				GCC_WARN_ABOUT_RETURN_TYPE = YES_ERROR;
				GCC_WARN_UNDECLARED_SELECTOR = YES;
				GCC_WARN_UNINITIALIZED_AUTOS = YES_AGGRESSIVE;
				GCC_WARN_UNUSED_FUNCTION = YES;
				GCC_WARN_UNUSED_VARIABLE = YES;
				IPHONEOS_DEPLOYMENT_TARGET = 12.0;
				MTL_ENABLE_DEBUG_INFO = NO;
				MTL_FAST_MATH = YES;
				SDKROOT = iphoneos;
				SWIFT_COMPILATION_MODE = wholemodule;
				SWIFT_OPTIMIZATION_LEVEL = "-O";
				VALIDATE_PRODUCT = YES;
			};
			name = Release;
		};
		D2393AE22173980800B8449E /* Debug */ = {
			isa = XCBuildConfiguration;
			baseConfigurationReference = 8BD26240623F8B41E2E2F8B5 /* Pods-yous.debug.xcconfig */;
			buildSettings = {
				ASSETCATALOG_COMPILER_APPICON_NAME = AppIcon;
				CODE_SIGN_STYLE = Automatic;
				DEVELOPMENT_TEAM = 2CY8VW2PF4;
				INFOPLIST_FILE = yous/Info.plist;
				IPHONEOS_DEPLOYMENT_TARGET = 11.0;
				LD_RUNPATH_SEARCH_PATHS = (
					"$(inherited)",
					"@executable_path/Frameworks",
				);
				PRODUCT_BUNDLE_IDENTIFIER = com.nikolamilic.yous;
				PRODUCT_NAME = "$(TARGET_NAME)";
				SWIFT_VERSION = 4.2;
				TARGETED_DEVICE_FAMILY = "1,2";
			};
			name = Debug;
		};
		D2393AE32173980800B8449E /* Release */ = {
			isa = XCBuildConfiguration;
			baseConfigurationReference = 7D6814F64FD0D68060E0F814 /* Pods-yous.release.xcconfig */;
			buildSettings = {
				ASSETCATALOG_COMPILER_APPICON_NAME = AppIcon;
				CODE_SIGN_STYLE = Automatic;
				DEVELOPMENT_TEAM = 2CY8VW2PF4;
				INFOPLIST_FILE = yous/Info.plist;
				IPHONEOS_DEPLOYMENT_TARGET = 11.0;
				LD_RUNPATH_SEARCH_PATHS = (
					"$(inherited)",
					"@executable_path/Frameworks",
				);
				PRODUCT_BUNDLE_IDENTIFIER = com.nikolamilic.yous;
				PRODUCT_NAME = "$(TARGET_NAME)";
				SWIFT_VERSION = 4.2;
				TARGETED_DEVICE_FAMILY = "1,2";
			};
			name = Release;
		};
/* End XCBuildConfiguration section */

/* Begin XCConfigurationList section */
		D2393ACA2173980700B8449E /* Build configuration list for PBXProject "yous" */ = {
			isa = XCConfigurationList;
			buildConfigurations = (
				D2393ADF2173980800B8449E /* Debug */,
				D2393AE02173980800B8449E /* Release */,
			);
			defaultConfigurationIsVisible = 0;
			defaultConfigurationName = Release;
		};
		D2393AE12173980800B8449E /* Build configuration list for PBXNativeTarget "yous" */ = {
			isa = XCConfigurationList;
			buildConfigurations = (
				D2393AE22173980800B8449E /* Debug */,
				D2393AE32173980800B8449E /* Release */,
			);
			defaultConfigurationIsVisible = 0;
			defaultConfigurationName = Release;
		};
/* End XCConfigurationList section */
	};
	rootObject = D2393AC72173980700B8449E /* Project object */;
}
